
Microsoft Visual Studio Solution File, Format Version 12.00
# Visual Studio Version 17
VisualStudioVersion = 17.3.32929.385
MinimumVisualStudioVersion = 10.0.40219.1
Project("{FAE04EC0-301F-11D3-BF4B-00C04F79EFBC}") = "FuncionarioAPI", "FuncionarioAPI\FuncionarioAPI.csproj", "{06953209-D30C-4D05-A183-4F2B2A9F5413}"
EndProject
Global
	GlobalSection(SolutionConfigurationPlatforms) = preSolution
		Debug|Any CPU = Debug|Any CPU
		Release|Any CPU = Release|Any CPU
	EndGlobalSection
	GlobalSection(ProjectConfigurationPlatforms) = postSolution
		{06953209-D30C-4D05-A183-4F2B2A9F5413}.Debug|Any CPU.ActiveCfg = Debug|Any CPU
		{06953209-D30C-4D05-A183-4F2B2A9F5413}.Debug|Any CPU.Build.0 = Debug|Any CPU
		{06953209-D30C-4D05-A183-4F2B2A9F5413}.Release|Any CPU.ActiveCfg = Release|Any CPU
		{06953209-D30C-4D05-A183-4F2B2A9F5413}.Release|Any CPU.Build.0 = Release|Any CPU
	EndGlobalSection
	GlobalSection(SolutionProperties) = preSolution
		HideSolutionNode = FALSE
	EndGlobalSection
	GlobalSection(ExtensibilityGlobals) = postSolution
		SolutionGuid = {BE20908A-4E6E-4B96-96D0-FAF6680E5BC4}
	EndGlobalSection
EndGlobal
